
Microsoft Visual Studio Solution File, Format Version 12.00
# Visual Studio 2013
VisualStudioVersion = 12.0.21005.1
MinimumVisualStudioVersion = 10.0.40219.1
Project("{FAE04EC0-301F-11D3-BF4B-00C04F79EFBC}") = "EntryServer", "EntityServer\EntryServer.csproj", "{148E67A8-820B-44C8-BC87-7F608E56CF6C}"
	ProjectSection(ProjectDependencies) = postProject
		{4B80894B-DCD8-47D0-B07A-446F15C053F2} = {4B80894B-DCD8-47D0-B07A-446F15C053F2}
	EndProjectSection
EndProject
Project("{FAE04EC0-301F-11D3-BF4B-00C04F79EFBC}") = "MasterServer", "MasterServer\MasterServer.csproj", "{F16DCA22-6A02-419B-A06F-A891AE9749EB}"
	ProjectSection(ProjectDependencies) = postProject
		{4B80894B-DCD8-47D0-B07A-446F15C053F2} = {4B80894B-DCD8-47D0-B07A-446F15C053F2}
	EndProjectSection
EndProject
Project("{FAE04EC0-301F-11D3-BF4B-00C04F79EFBC}") = "Client", "Client\Client.csproj", "{B0EAA544-4529-49D1-AAC3-B685873716A4}"
	ProjectSection(ProjectDependencies) = postProject
		{4B80894B-DCD8-47D0-B07A-446F15C053F2} = {4B80894B-DCD8-47D0-B07A-446F15C053F2}
	EndProjectSection
EndProject
Project("{FAE04EC0-301F-11D3-BF4B-00C04F79EFBC}") = "SharedLibrary", "SharedLibrary\SharedLibrary.csproj", "{4B80894B-DCD8-47D0-B07A-446F15C053F2}"
EndProject
Project("{F088123C-0E9E-452A-89E6-6BA2F21D5CAC}") = "ModelingProject", "ModelingProject\ModelingProject.modelproj", "{6805B6A9-886E-4C32-B3EF-CD5C5795FC2D}"
EndProject
Global
	GlobalSection(SolutionConfigurationPlatforms) = preSolution
		Debug|Any CPU = Debug|Any CPU
		Release|Any CPU = Release|Any CPU
	EndGlobalSection
	GlobalSection(ProjectConfigurationPlatforms) = postSolution
		{148E67A8-820B-44C8-BC87-7F608E56CF6C}.Debug|Any CPU.ActiveCfg = Debug|Any CPU
		{148E67A8-820B-44C8-BC87-7F608E56CF6C}.Debug|Any CPU.Build.0 = Debug|Any CPU
		{148E67A8-820B-44C8-BC87-7F608E56CF6C}.Release|Any CPU.ActiveCfg = Release|Any CPU
		{148E67A8-820B-44C8-BC87-7F608E56CF6C}.Release|Any CPU.Build.0 = Release|Any CPU
		{F16DCA22-6A02-419B-A06F-A891AE9749EB}.Debug|Any CPU.ActiveCfg = Debug|Any CPU
		{F16DCA22-6A02-419B-A06F-A891AE9749EB}.Debug|Any CPU.Build.0 = Debug|Any CPU
		{F16DCA22-6A02-419B-A06F-A891AE9749EB}.Release|Any CPU.ActiveCfg = Release|Any CPU
		{F16DCA22-6A02-419B-A06F-A891AE9749EB}.Release|Any CPU.Build.0 = Release|Any CPU
		{B0EAA544-4529-49D1-AAC3-B685873716A4}.Debug|Any CPU.ActiveCfg = Debug|Any CPU
		{B0EAA544-4529-49D1-AAC3-B685873716A4}.Debug|Any CPU.Build.0 = Debug|Any CPU
		{B0EAA544-4529-49D1-AAC3-B685873716A4}.Release|Any CPU.ActiveCfg = Release|Any CPU
		{B0EAA544-4529-49D1-AAC3-B685873716A4}.Release|Any CPU.Build.0 = Release|Any CPU
		{4B80894B-DCD8-47D0-B07A-446F15C053F2}.Debug|Any CPU.ActiveCfg = Debug|Any CPU
		{4B80894B-DCD8-47D0-B07A-446F15C053F2}.Debug|Any CPU.Build.0 = Debug|Any CPU
		{4B80894B-DCD8-47D0-B07A-446F15C053F2}.Release|Any CPU.ActiveCfg = Release|Any CPU
		{4B80894B-DCD8-47D0-B07A-446F15C053F2}.Release|Any CPU.Build.0 = Release|Any CPU
		{6805B6A9-886E-4C32-B3EF-CD5C5795FC2D}.Debug|Any CPU.ActiveCfg = Debug|Any CPU
		{6805B6A9-886E-4C32-B3EF-CD5C5795FC2D}.Debug|Any CPU.Build.0 = Debug|Any CPU
		{6805B6A9-886E-4C32-B3EF-CD5C5795FC2D}.Release|Any CPU.ActiveCfg = Release|Any CPU
		{6805B6A9-886E-4C32-B3EF-CD5C5795FC2D}.Release|Any CPU.Build.0 = Release|Any CPU
	EndGlobalSection
	GlobalSection(SolutionProperties) = preSolution
		HideSolutionNode = FALSE
	EndGlobalSection
EndGlobal
